{
  "version": 4,
  "terraform_version": "1.7.1",
  "serial": 496,
  "lineage": "92765c5d-b66c-7c4f-d73e-4052cde838d2",
  "outputs": {
    "middleware_config": {
      "value": "43.205.168.231",
      "type": "string"
    }
  },
  "resources": [
    {
      "module": "module.microservices[\"api-server\"].module.ec2[0]",
      "mode": "managed",
      "type": "aws_eip_association",
      "name": "eip_assoc",
      "provider": "provider[\"registry.terraform.io/hashicorp/aws\"]",
      "instances": [
        {
          "index_key": "api-server-instance",
          "schema_version": 0,
          "attributes": {
            "allocation_id": "eipalloc-09551220d57375942",
            "allow_reassociation": null,
            "id": "eipassoc-03075c624797d43d7",
            "instance_id": "i-024eb315754928983",
            "network_interface_id": "eni-0b959990ec5ae7755",
            "private_ip_address": "10.0.13.130",
            "public_ip": "43.205.168.231"
          },
          "sensitive_attributes": [],
          "private": "bnVsbA==",
          "dependencies": [
            "module.microservices.module.ec2.aws_instance.instance",
            "module.microservices.module.ec2.aws_key_pair.my_key_pair",
            "module.microservices.module.ec2.tls_private_key.my_key",
            "module.microservices.module.vpc.aws_vpc.main",
            "module.microservices.module.vpc.module.eip.aws_eip.eip",
            "module.microservices.module.vpc.module.igw.aws_internet_gateway.gw",
            "module.microservices.module.vpc.module.routetable.aws_route_table.route",
            "module.microservices.module.vpc.module.routetable.aws_route_table_association.association",
            "module.microservices.module.vpc.module.securitygroup.aws_security_group.sg",
            "module.microservices.module.vpc.module.subnet.aws_subnet.main"
          ]
        }
      ]
    },
    {
      "module": "module.microservices[\"api-server\"].module.ec2[0]",
      "mode": "managed",
      "type": "aws_instance",
      "name": "instance",
      "provider": "provider[\"registry.terraform.io/hashicorp/aws\"]",
      "instances": [
        {
          "index_key": "api-server-instance",
          "schema_version": 1,
          "attributes": {
            "ami": "ami-0a7cf821b91bcccbc",
            "arn": "arn:aws:ec2:ap-south-1:574593008261:instance/i-024eb315754928983",
            "associate_public_ip_address": false,
            "availability_zone": "ap-south-1a",
            "capacity_reservation_specification": [
              {
                "capacity_reservation_preference": "open",
                "capacity_reservation_target": []
              }
            ],
            "cpu_core_count": 1,
            "cpu_options": [
              {
                "amd_sev_snp": "",
                "core_count": 1,
                "threads_per_core": 1
              }
            ],
            "cpu_threads_per_core": 1,
            "credit_specification": [
              {
                "cpu_credits": "standard"
              }
            ],
            "disable_api_stop": false,
            "disable_api_termination": false,
            "ebs_block_device": [],
            "ebs_optimized": false,
            "enclave_options": [
              {
                "enabled": false
              }
            ],
            "ephemeral_block_device": [],
            "get_password_data": false,
            "hibernation": false,
            "host_id": "",
            "host_resource_group_arn": null,
            "iam_instance_profile": "",
            "id": "i-024eb315754928983",
            "instance_initiated_shutdown_behavior": "stop",
            "instance_lifecycle": "",
            "instance_market_options": [],
            "instance_state": "running",
            "instance_type": "t2.micro",
            "ipv6_address_count": 0,
            "ipv6_addresses": [],
            "key_name": "xalts",
            "launch_template": [],
            "maintenance_options": [
              {
                "auto_recovery": "default"
              }
            ],
            "metadata_options": [
              {
                "http_endpoint": "enabled",
                "http_protocol_ipv6": "disabled",
                "http_put_response_hop_limit": 1,
                "http_tokens": "optional",
                "instance_metadata_tags": "disabled"
              }
            ],
            "monitoring": false,
            "network_interface": [],
            "outpost_arn": "",
            "password_data": "",
            "placement_group": "",
            "placement_partition_number": 0,
            "primary_network_interface_id": "eni-0b959990ec5ae7755",
            "private_dns": "ip-10-0-13-130.ap-south-1.compute.internal",
            "private_dns_name_options": [
              {
                "enable_resource_name_dns_a_record": false,
                "enable_resource_name_dns_aaaa_record": false,
                "hostname_type": "ip-name"
              }
            ],
            "private_ip": "10.0.13.130",
            "public_dns": "",
            "public_ip": "",
            "root_block_device": [
              {
                "delete_on_termination": true,
                "device_name": "/dev/sda1",
                "encrypted": false,
                "iops": 100,
                "kms_key_id": "",
                "tags": {},
                "throughput": 0,
                "volume_id": "vol-0e1cd03a9ddd23e4b",
                "volume_size": 8,
                "volume_type": "gp2"
              }
            ],
            "secondary_private_ips": [],
            "security_groups": [],
            "source_dest_check": true,
            "spot_instance_request_id": "",
            "subnet_id": "subnet-08df647214e1dcf4d",
            "tags": {
              "Name": "api-server-instance"
            },
            "tags_all": {
              "Name": "api-server-instance"
            },
            "tenancy": "default",
            "timeouts": null,
            "user_data": "157c01c77ea471af5607f4bacb71555ae6a607a5",
            "user_data_base64": null,
            "user_data_replace_on_change": false,
            "volume_tags": null,
            "vpc_security_group_ids": [
              "sg-090309b418801c2d7"
            ]
          },
          "sensitive_attributes": [],
          "private": "eyJlMmJmYjczMC1lY2FhLTExZTYtOGY4OC0zNDM2M2JjN2M0YzAiOnsiY3JlYXRlIjo2MDAwMDAwMDAwMDAsImRlbGV0ZSI6MTIwMDAwMDAwMDAwMCwidXBkYXRlIjo2MDAwMDAwMDAwMDB9LCJzY2hlbWFfdmVyc2lvbiI6IjEifQ==",
          "dependencies": [
            "module.microservices.module.ec2.aws_key_pair.my_key_pair",
            "module.microservices.module.ec2.tls_private_key.my_key",
            "module.microservices.module.vpc.aws_vpc.main",
            "module.microservices.module.vpc.module.eip.aws_eip.eip",
            "module.microservices.module.vpc.module.igw.aws_internet_gateway.gw",
            "module.microservices.module.vpc.module.routetable.aws_route_table.route",
            "module.microservices.module.vpc.module.routetable.aws_route_table_association.association",
            "module.microservices.module.vpc.module.securitygroup.aws_security_group.sg",
            "module.microservices.module.vpc.module.subnet.aws_subnet.main"
          ]
        }
      ]
    },
    {
      "module": "module.microservices[\"api-server\"].module.ec2[0]",
      "mode": "managed",
      "type": "aws_key_pair",
      "name": "my_key_pair",
      "provider": "provider[\"registry.terraform.io/hashicorp/aws\"]",
      "instances": [
        {
          "index_key": "api-server-instance",
          "schema_version": 1,
          "attributes": {
            "arn": "arn:aws:ec2:ap-south-1:574593008261:key-pair/xalts",
            "fingerprint": "4d:ef:83:21:e5:72:bc:a3:0a:88:0e:b9:4d:5f:96:90",
            "id": "xalts",
            "key_name": "xalts",
            "key_name_prefix": "",
            "key_pair_id": "key-014574d4423e86b7a",
            "key_type": "rsa",
            "public_key": "ssh-rsa AAAAB3NzaC1yc2EAAAADAQABAAACAQDLVqtvBJU/SScsDHaURB05yVMg4lidsPD8qRpzQlV+9dw+rTL/dn5YOBGBOOZ7Qpyiq2s7Xw0GSo2yJN0Vchlb1fAjhYkHrOpCnNCBDmVtRah/byzXKPH/OZo5EByIA+DZHWMlbyj0OZfL4yA0bJuLSS8479zfveA21JaNE+Of60H5964pov40WwV0TCB1iu1kiuEYP1pXjLaHwGjmvsdw1GtRRlMuL3+Zsy6+poBTe3/utgSeEwPbboZEqhOZgz0bSsKdDozj6vSZzB7n3hMeh8Za13mM2Fex3dg52S4drpcP+Ah5bSNgUaxxBJULAQV/KwiAuYKFSCiAdv00Mw0zz8EmlYtSNTWXrzBSuJ3vDB1qZtBtH88lWqXCZBc+ZKbJJllWXZsTUQdqJww6zPrHZGx7qR0LSWQJ+DApo++Rs0ZadhnIhrKB45pKAJE7eZ+WknRbQV3a5L38fkMdRijD8H2MeMiDP7SlItrsI9U8S18EDXUs1j1Ayi78klW5yzTZFT3tVBeAEnKNIhs5LNxjSXTioR7ZNah1grZbo6Jnj/4kikzBlVbwCQFg4QYm0VHzoRiTDUF/Y9Jda/UU6s6T8WyMn0I82lWVLJYbxy+tPxyoTBVf76I/9vaGwKGAI1tKsjd/XAHE+YcqZe9Ug1a+7SkDleEC3eiBHy11APCYFQ==",
            "tags": null,
            "tags_all": {}
          },
          "sensitive_attributes": [],
          "private": "eyJzY2hlbWFfdmVyc2lvbiI6IjEifQ==",
          "dependencies": [
            "module.microservices.module.ec2.tls_private_key.my_key",
            "module.microservices.module.vpc.aws_vpc.main",
            "module.microservices.module.vpc.module.eip.aws_eip.eip",
            "module.microservices.module.vpc.module.igw.aws_internet_gateway.gw",
            "module.microservices.module.vpc.module.routetable.aws_route_table.route",
            "module.microservices.module.vpc.module.routetable.aws_route_table_association.association",
            "module.microservices.module.vpc.module.securitygroup.aws_security_group.sg",
            "module.microservices.module.vpc.module.subnet.aws_subnet.main"
          ]
        }
      ]
    },
    {
      "module": "module.microservices[\"api-server\"].module.ec2[0]",
      "mode": "managed",
      "type": "local_file",
      "name": "private_key",
      "provider": "provider[\"registry.terraform.io/hashicorp/local\"]",
      "instances": [
        {
          "index_key": "api-server-instance",
          "schema_version": 0,
          "attributes": {
            "content": "-----BEGIN RSA PRIVATE KEY-----\nMIIJKQIBAAKCAgEAy1arbwSVP0knLAx2lEQdOclTIOJYnbDw/Kkac0JVfvXcPq0y\n/3Z+WDgRgTjme0KcoqtrO18NBkqNsiTdFXIZW9XwI4WJB6zqQpzQgQ5lbUWof28s\n1yjx/zmaORAciAPg2R1jJW8o9DmXy+MgNGybi0kvOO/c373gNtSWjRPjn+tB+feu\nKaL+NFsFdEwgdYrtZIrhGD9aV4y2h8Bo5r7HcNRrUUZTLi9/mbMuvqaAU3t/7rYE\nnhMD226GRKoTmYM9G0rCnQ6M4+r0mcwe594THofGWtd5jNhXsd3YOdkuHa6XD/gI\neW0jYFGscQSVCwEFfysIgLmChUgogHb9NDMNM8/BJpWLUjU1l68wUrid7wwdambQ\nbR/PJVqlwmQXPmSmySZZVl2bE1EHaicMOsz6x2Rse6kdC0lkCfgwKaPvkbNGWnYZ\nyIaygeOaSgCRO3mflpJ0W0Fd2uS9/H5DHUYow/B9jHjIgz+0pSLa7CPVPEtfBA11\nLNY9QMou/JJVucs02RU97VQXgBJyjSIbOSzcY0l04qEe2TWodYK2W6OiZ4/+JIpM\nwZVW8AkBYOEGJtFR86EYkw1Bf2PSXWv1FOrOk/FsjJ9CPNpVlSyWG8cvrT8cqEwV\nX++iP/b2hsChgCNbSrI3f1wBxPmHKmXvVINWvu0pA5XhAt3ogR8tdQDwmBUCAwEA\nAQKCAgAlM2gN2ZLMjz+haW5QVd3a8qBIxeBciUCtmOqD58Doh2aR+PH5lt4qmadq\nMtTH/DnX8PCfXhZt7jnaO7BO+h71lEBo30dgphv9r97dnZqk0TewiNB1VMJhZVJ3\n2iC+Kad7UUsQUDP36omA/b6omK4kX3FKQ2fvbzeUEHSyvs7INSxO5Sdx6qYDQhvP\nWRYfKxmfaWEhJIYMumuyjlsizAiE9ffkWK9jJcF8hzGoI6Iao9+V9qsFmIj+Hkxm\nR49qaH5Hfff47+6KzDOP565H0XNCBKkfeYh9Yh85JVMn0joDqCtu+nviazsrpgWc\nb7As4TT2PRNDKa1dYQQ37I0KfcSOQCvNSqyzWJUG1S7c2p3uIP3sqgVHq1DCJ6u+\naflMY7sn7GE9OWKjKwstTG7X9RYfhtEs5xu+lp/TxKIN4Sn926ORGppxQ1f7/D9N\nenoEJj6hlCpVt2V6YwMlG84T67oBAfa+XD4xLpSm1zfw9AMrz0tdFQs32b0b90eV\n0TYurShO/noNjWZu7iIHe8p396uSmiPbb17aR6wRr742OWh87pOwA+DBH16nuzjn\naBvgvLkQgpzQ7j3+EGweBvBGEZfzZc+LjQP8SV15JBcnQ85dE84aZZF3uMo8OwWF\nNbI7YQQuuWY0xBoC0wHLyjPw+V20heXSda4AtVwz9d8wQtABwQKCAQEA/JR4ZdK/\nvieb1x9L/Vi81lagwU4I4R7oicctqamkmRU62rlxnPqfPmbu+9fx2paWDieQd+Mu\nv6LaBO9SyqtGRpbbFZ55ouferlnVAmWB7334viQec+uyoSNRx74ELSZkJrHHwRjr\n0QOzMi1qYOyj2B09oEt8PoyLsdPep1OGVac4PvwegmQU7BhYEmcBQ8Lotp7xfgLZ\n1pzqTYOFXRRKu3GXzQNdunmvxD1QztCOwVv0PlugAF4ZiTJAop4aNBkUzeYAgwb6\n8cViHBK+mj82mJBL46IwFlovDbqiDBpa4oFVeIBFLKFuaaiWVxjofKgQgci/19+t\n18NxGaxNJitemQKCAQEAzheC9iiUZue8K6Qtbk3ZSMci+xX6KOaxubochwVQaSZL\nj8uWH9Aj14/ys2Dxc5BgX/KYQio9KllTuZD6/dKZcw958zdfKfeo98aXM7rvS8/j\nX9LS0j7rUUdlFogtrzHX6Q8wOIG92RDozfyhZ5vHKBNvY/m3Ua5HmSfO2+9JS0y3\ntWWMjpK+iQRMbF5vStrUK0XfpU1pWNiHPZIFYmG82wbLLes10bsQ1DtcBE2+0rrp\n/67o/iLjuzxD1iTeO/CIXhfKklsV5XN+JPYTc3Lbd4z0WYHOZY8vrCzQhhRsn/Vr\nxp0BK8XSVYZhlXvIXPgWv+BdHjQYyOPp2BZlr/oe3QKCAQEA+Tkem4oZ/G1kzh1p\ng7A9lFiiAlsXU9qFpP1Nxy1G5m4WRp/YxQZeftpeUU3ArOkNYyYS3Njj1d/AtEHZ\nNXVOwHQ19N0MNHwKM4scLWMvlLp96FAHZGZbObh6B1ctE8ff5nZhHd2TQggelxJM\n9xpIiQRBPJt/GtDfPjZKalx2HqoDS9LF3+8U3ekfbfkJPG1j5l5q9uWlQKhQYO+3\ndiKBovbwzC/YGhncHwxJYehUE+LB243ZEMPI+qEFOfA69tEQwCGEu8T1c/5JUl4E\niHp7SoqG9zOfs06FQ0y2fK68oubvCRm4J9OZ+NOKlKJVNDs5HnaRJVbmWBHW1Xg4\nH8OHcQKCAQAbfZtkhok1KNg64g2FVzESui16XLYf2pX+dkrz38uYGxmdNsTxvWvq\nhzMSpm3OwoV4hv20Zbn++idm62XvkbYSWRAlV0+EY5rQYlcs+VSOQk7MK20fynDN\nSL69QLEHW5i3Z+VAxF20pMLJJ1fIYEkymVUUeuzvIlY+ocbAI60dNECVG9Sh+AUe\ndcpT8kzaKVJ/6zQn8qmIxmlT1zSMqQjuFnvnxiZJsbBO/xQJJu27Yl9wUb6Wl8TU\n5vcNi6FxUWZ/VqEY4LmM/9jlyUVS8xE/Yzf88Im9lln/l4LBP9w1giE8Pxk2445p\nBiHiNL7HV/iA48bIDp73vR8mSeaKkMypAoIBAQCFG/UFvS0LcCy73HUia8me5oVx\ne1XtenwVj4SiprB72u1SA70zSmJC69fwBVcYlRchWnUR/1mNZ+yY9rqbKkp1eqwi\n3ZJea4ZIMG6eaqgWMJ6gtNpdoxQ1tMErmlpRnEcUMVMvptqLwwfsKkzdNiQKFiP1\nLXlfZWnvnFfba+prs/VDaS492qh/jplAw65u8IMn4PwHupUCVlg06y2k1PJ1RhRs\nN1iCatzdUJ1Qq9qQXsjG7pHLPurgCpHg56a2R97IySxT0QCWh6VsUcBjcukHlaaZ\nMZAvZ5JqJN1TsxWNK/oJfE03VRGtM+0+DwJxkYlRK95F8wBnD4o0NR6gilnk\n-----END RSA PRIVATE KEY-----\n",
            "content_base64": null,
            "content_base64sha256": "rETZmzaFDWHxrIsFMT0DVn+WFGfEtNVBKT9pBTiVATY=",
            "content_base64sha512": "8dfwCVQXZQy+QGtK9n2Qt3JL+s1QU9OvodtP1w3yVvRzfQzF6+5we84A8HY5YNRPW2O+bTEpoiP5U7rRqwUEkQ==",
            "content_md5": "167b68dd294c94d95b31b020ed99a35f",
            "content_sha1": "5c83719b5a04133c421288ff3f91149964cbabaa",
            "content_sha256": "ac44d99b36850d61f1ac8b05313d03567f961467c4b4d541293f690538950136",
            "content_sha512": "f1d7f0095417650cbe406b4af67d90b7724bfacd5053d3afa1db4fd70df256f4737d0cc5ebee707bce00f0763960d44f5b63be6d3129a223f953bad1ab050491",
            "directory_permission": "0777",
            "file_permission": "0777",
            "filename": "modules/ec2/../../xalts",
            "id": "5c83719b5a04133c421288ff3f91149964cbabaa",
            "sensitive_content": null,
            "source": null
          },
          "sensitive_attributes": [
            [
              {
                "type": "get_attr",
                "value": "content"
              }
            ]
          ],
          "dependencies": [
            "module.microservices.module.ec2.tls_private_key.my_key",
            "module.microservices.module.vpc.aws_vpc.main",
            "module.microservices.module.vpc.module.eip.aws_eip.eip",
            "module.microservices.module.vpc.module.igw.aws_internet_gateway.gw",
            "module.microservices.module.vpc.module.routetable.aws_route_table.route",
            "module.microservices.module.vpc.module.routetable.aws_route_table_association.association",
            "module.microservices.module.vpc.module.securitygroup.aws_security_group.sg",
            "module.microservices.module.vpc.module.subnet.aws_subnet.main"
          ]
        }
      ]
    },
    {
      "module": "module.microservices[\"api-server\"].module.ec2[0]",
      "mode": "managed",
      "type": "tls_private_key",
      "name": "my_key",
      "provider": "provider[\"registry.terraform.io/hashicorp/tls\"]",
      "instances": [
        {
          "schema_version": 1,
          "attributes": {
            "algorithm": "RSA",
            "ecdsa_curve": "P224",
            "id": "0312ffc2ad09537af929f00e2d583d387056c318",
            "private_key_openssh": "-----BEGIN OPENSSH PRIVATE KEY-----\nb3BlbnNzaC1rZXktdjEAAAAABG5vbmUAAAAEbm9uZQAAAAAAAAABAAACFwAAAAdz\nc2gtcnNhAAAAAwEAAQAAAgEAy1arbwSVP0knLAx2lEQdOclTIOJYnbDw/Kkac0JV\nfvXcPq0y/3Z+WDgRgTjme0KcoqtrO18NBkqNsiTdFXIZW9XwI4WJB6zqQpzQgQ5l\nbUWof28s1yjx/zmaORAciAPg2R1jJW8o9DmXy+MgNGybi0kvOO/c373gNtSWjRPj\nn+tB+feuKaL+NFsFdEwgdYrtZIrhGD9aV4y2h8Bo5r7HcNRrUUZTLi9/mbMuvqaA\nU3t/7rYEnhMD226GRKoTmYM9G0rCnQ6M4+r0mcwe594THofGWtd5jNhXsd3YOdku\nHa6XD/gIeW0jYFGscQSVCwEFfysIgLmChUgogHb9NDMNM8/BJpWLUjU1l68wUrid\n7wwdambQbR/PJVqlwmQXPmSmySZZVl2bE1EHaicMOsz6x2Rse6kdC0lkCfgwKaPv\nkbNGWnYZyIaygeOaSgCRO3mflpJ0W0Fd2uS9/H5DHUYow/B9jHjIgz+0pSLa7CPV\nPEtfBA11LNY9QMou/JJVucs02RU97VQXgBJyjSIbOSzcY0l04qEe2TWodYK2W6Oi\nZ4/+JIpMwZVW8AkBYOEGJtFR86EYkw1Bf2PSXWv1FOrOk/FsjJ9CPNpVlSyWG8cv\nrT8cqEwVX++iP/b2hsChgCNbSrI3f1wBxPmHKmXvVINWvu0pA5XhAt3ogR8tdQDw\nmBUAAAc4ogr2AqIK9gIAAAAHc3NoLXJzYQAAAgEAy1arbwSVP0knLAx2lEQdOclT\nIOJYnbDw/Kkac0JVfvXcPq0y/3Z+WDgRgTjme0KcoqtrO18NBkqNsiTdFXIZW9Xw\nI4WJB6zqQpzQgQ5lbUWof28s1yjx/zmaORAciAPg2R1jJW8o9DmXy+MgNGybi0kv\nOO/c373gNtSWjRPjn+tB+feuKaL+NFsFdEwgdYrtZIrhGD9aV4y2h8Bo5r7HcNRr\nUUZTLi9/mbMuvqaAU3t/7rYEnhMD226GRKoTmYM9G0rCnQ6M4+r0mcwe594THofG\nWtd5jNhXsd3YOdkuHa6XD/gIeW0jYFGscQSVCwEFfysIgLmChUgogHb9NDMNM8/B\nJpWLUjU1l68wUrid7wwdambQbR/PJVqlwmQXPmSmySZZVl2bE1EHaicMOsz6x2Rs\ne6kdC0lkCfgwKaPvkbNGWnYZyIaygeOaSgCRO3mflpJ0W0Fd2uS9/H5DHUYow/B9\njHjIgz+0pSLa7CPVPEtfBA11LNY9QMou/JJVucs02RU97VQXgBJyjSIbOSzcY0l0\n4qEe2TWodYK2W6OiZ4/+JIpMwZVW8AkBYOEGJtFR86EYkw1Bf2PSXWv1FOrOk/Fs\njJ9CPNpVlSyWG8cvrT8cqEwVX++iP/b2hsChgCNbSrI3f1wBxPmHKmXvVINWvu0p\nA5XhAt3ogR8tdQDwmBUAAAADAQABAAACACUzaA3ZksyPP6FpblBV3dryoEjF4FyJ\nQK2Y6oPnwOiHZpH48fmW3iqZp2oy1Mf8Odfw8J9eFm3uOdo7sE76HvWUQGjfR2Cm\nG/2v3t2dmqTRN7CI0HVUwmFlUnfaIL4pp3tRSxBQM/fqiYD9vqiYriRfcUpDZ+9v\nN5QQdLK+zsg1LE7lJ3HqpgNCG89ZFh8rGZ9pYSEkhgy6a7KOWyLMCIT19+RYr2Ml\nwXyHMagjohqj35X2qwWYiP4eTGZHj2pofkd99/jv7orMM4/nrkfRc0IEqR95iH1i\nHzklUyfSOgOoK276e+JrOyumBZxvsCzhNPY9E0MprV1hBDfsjQp9xI5AK81KrLNY\nlQbVLtzane4g/eyqBUerUMInq75p+UxjuyfsYT05YqMrCy1Mbtf1Fh+G0SznG76W\nn9PEog3hKf3bo5EamnFDV/v8P016egQmPqGUKlW3ZXpjAyUbzhPrugEB9r5cPjEu\nlKbXN/D0AyvPS10VCzfZvRv3R5XRNi6tKE7+eg2NZm7uIgd7ynf3q5KaI9tvXtpH\nrBGvvjY5aHzuk7AD4MEfXqe7OOdoG+C8uRCCnNDuPf4QbB4G8EYRl/Nlz4uNA/xJ\nXXkkFydDzl0TzhplkXe4yjw7BYU1sjthBC65ZjTEGgLTAcvKM/D5XbSF5dJ1rgC1\nXDP13zBC0AHBAAABAQCFG/UFvS0LcCy73HUia8me5oVxe1XtenwVj4SiprB72u1S\nA70zSmJC69fwBVcYlRchWnUR/1mNZ+yY9rqbKkp1eqwi3ZJea4ZIMG6eaqgWMJ6g\ntNpdoxQ1tMErmlpRnEcUMVMvptqLwwfsKkzdNiQKFiP1LXlfZWnvnFfba+prs/VD\naS492qh/jplAw65u8IMn4PwHupUCVlg06y2k1PJ1RhRsN1iCatzdUJ1Qq9qQXsjG\n7pHLPurgCpHg56a2R97IySxT0QCWh6VsUcBjcukHlaaZMZAvZ5JqJN1TsxWNK/oJ\nfE03VRGtM+0+DwJxkYlRK95F8wBnD4o0NR6gilnkAAABAQD8lHhl0r++J5vXH0v9\nWLzWVqDBTgjhHuiJxy2pqaSZFTrauXGc+p8+Zu771/HalpYOJ5B34y6/otoE71LK\nq0ZGltsVnnmi596uWdUCZYHvffi+JB5z67KhI1HHvgQtJmQmscfBGOvRA7MyLWpg\n7KPYHT2gS3w+jIux096nU4ZVpzg+/B6CZBTsGFgSZwFDwui2nvF+AtnWnOpNg4Vd\nFEq7cZfNA126ea/EPVDO0I7BW/Q+W6AAXhmJMkCinho0GRTN5gCDBvrxxWIcEr6a\nPzaYkEvjojAWWi8NuqIMGlrigVV4gEUsoW5pqJZXGOh8qBCByL/X363Xw3EZrE0m\nK16ZAAABAQDOF4L2KJRm57wrpC1uTdlIxyL7Ffoo5rG5uhyHBVBpJkuPy5Yf0CPX\nj/KzYPFzkGBf8phCKj0qWVO5kPr90plzD3nzN18p96j3xpczuu9Lz+Nf0tLSPutR\nR2UWiC2vMdfpDzA4gb3ZEOjN/KFnm8coE29j+bdRrkeZJ87b70lLTLe1ZYyOkr6J\nBExsXm9K2tQrRd+lTWlY2Ic9kgViYbzbBsst6zXRuxDUO1wETb7Suun/ruj+IuO7\nPEPWJN478IheF8qSWxXlc34k9hNzctt3jPRZgc5ljy+sLNCGFGyf9WvGnQErxdJV\nhmGVe8hc+Ba/4F0eNBjI4+nYFmWv+h7dAAAAAAEC\n-----END OPENSSH PRIVATE KEY-----\n",
            "private_key_pem": "-----BEGIN RSA PRIVATE KEY-----\nMIIJKQIBAAKCAgEAy1arbwSVP0knLAx2lEQdOclTIOJYnbDw/Kkac0JVfvXcPq0y\n/3Z+WDgRgTjme0KcoqtrO18NBkqNsiTdFXIZW9XwI4WJB6zqQpzQgQ5lbUWof28s\n1yjx/zmaORAciAPg2R1jJW8o9DmXy+MgNGybi0kvOO/c373gNtSWjRPjn+tB+feu\nKaL+NFsFdEwgdYrtZIrhGD9aV4y2h8Bo5r7HcNRrUUZTLi9/mbMuvqaAU3t/7rYE\nnhMD226GRKoTmYM9G0rCnQ6M4+r0mcwe594THofGWtd5jNhXsd3YOdkuHa6XD/gI\neW0jYFGscQSVCwEFfysIgLmChUgogHb9NDMNM8/BJpWLUjU1l68wUrid7wwdambQ\nbR/PJVqlwmQXPmSmySZZVl2bE1EHaicMOsz6x2Rse6kdC0lkCfgwKaPvkbNGWnYZ\nyIaygeOaSgCRO3mflpJ0W0Fd2uS9/H5DHUYow/B9jHjIgz+0pSLa7CPVPEtfBA11\nLNY9QMou/JJVucs02RU97VQXgBJyjSIbOSzcY0l04qEe2TWodYK2W6OiZ4/+JIpM\nwZVW8AkBYOEGJtFR86EYkw1Bf2PSXWv1FOrOk/FsjJ9CPNpVlSyWG8cvrT8cqEwV\nX++iP/b2hsChgCNbSrI3f1wBxPmHKmXvVINWvu0pA5XhAt3ogR8tdQDwmBUCAwEA\nAQKCAgAlM2gN2ZLMjz+haW5QVd3a8qBIxeBciUCtmOqD58Doh2aR+PH5lt4qmadq\nMtTH/DnX8PCfXhZt7jnaO7BO+h71lEBo30dgphv9r97dnZqk0TewiNB1VMJhZVJ3\n2iC+Kad7UUsQUDP36omA/b6omK4kX3FKQ2fvbzeUEHSyvs7INSxO5Sdx6qYDQhvP\nWRYfKxmfaWEhJIYMumuyjlsizAiE9ffkWK9jJcF8hzGoI6Iao9+V9qsFmIj+Hkxm\nR49qaH5Hfff47+6KzDOP565H0XNCBKkfeYh9Yh85JVMn0joDqCtu+nviazsrpgWc\nb7As4TT2PRNDKa1dYQQ37I0KfcSOQCvNSqyzWJUG1S7c2p3uIP3sqgVHq1DCJ6u+\naflMY7sn7GE9OWKjKwstTG7X9RYfhtEs5xu+lp/TxKIN4Sn926ORGppxQ1f7/D9N\nenoEJj6hlCpVt2V6YwMlG84T67oBAfa+XD4xLpSm1zfw9AMrz0tdFQs32b0b90eV\n0TYurShO/noNjWZu7iIHe8p396uSmiPbb17aR6wRr742OWh87pOwA+DBH16nuzjn\naBvgvLkQgpzQ7j3+EGweBvBGEZfzZc+LjQP8SV15JBcnQ85dE84aZZF3uMo8OwWF\nNbI7YQQuuWY0xBoC0wHLyjPw+V20heXSda4AtVwz9d8wQtABwQKCAQEA/JR4ZdK/\nvieb1x9L/Vi81lagwU4I4R7oicctqamkmRU62rlxnPqfPmbu+9fx2paWDieQd+Mu\nv6LaBO9SyqtGRpbbFZ55ouferlnVAmWB7334viQec+uyoSNRx74ELSZkJrHHwRjr\n0QOzMi1qYOyj2B09oEt8PoyLsdPep1OGVac4PvwegmQU7BhYEmcBQ8Lotp7xfgLZ\n1pzqTYOFXRRKu3GXzQNdunmvxD1QztCOwVv0PlugAF4ZiTJAop4aNBkUzeYAgwb6\n8cViHBK+mj82mJBL46IwFlovDbqiDBpa4oFVeIBFLKFuaaiWVxjofKgQgci/19+t\n18NxGaxNJitemQKCAQEAzheC9iiUZue8K6Qtbk3ZSMci+xX6KOaxubochwVQaSZL\nj8uWH9Aj14/ys2Dxc5BgX/KYQio9KllTuZD6/dKZcw958zdfKfeo98aXM7rvS8/j\nX9LS0j7rUUdlFogtrzHX6Q8wOIG92RDozfyhZ5vHKBNvY/m3Ua5HmSfO2+9JS0y3\ntWWMjpK+iQRMbF5vStrUK0XfpU1pWNiHPZIFYmG82wbLLes10bsQ1DtcBE2+0rrp\n/67o/iLjuzxD1iTeO/CIXhfKklsV5XN+JPYTc3Lbd4z0WYHOZY8vrCzQhhRsn/Vr\nxp0BK8XSVYZhlXvIXPgWv+BdHjQYyOPp2BZlr/oe3QKCAQEA+Tkem4oZ/G1kzh1p\ng7A9lFiiAlsXU9qFpP1Nxy1G5m4WRp/YxQZeftpeUU3ArOkNYyYS3Njj1d/AtEHZ\nNXVOwHQ19N0MNHwKM4scLWMvlLp96FAHZGZbObh6B1ctE8ff5nZhHd2TQggelxJM\n9xpIiQRBPJt/GtDfPjZKalx2HqoDS9LF3+8U3ekfbfkJPG1j5l5q9uWlQKhQYO+3\ndiKBovbwzC/YGhncHwxJYehUE+LB243ZEMPI+qEFOfA69tEQwCGEu8T1c/5JUl4E\niHp7SoqG9zOfs06FQ0y2fK68oubvCRm4J9OZ+NOKlKJVNDs5HnaRJVbmWBHW1Xg4\nH8OHcQKCAQAbfZtkhok1KNg64g2FVzESui16XLYf2pX+dkrz38uYGxmdNsTxvWvq\nhzMSpm3OwoV4hv20Zbn++idm62XvkbYSWRAlV0+EY5rQYlcs+VSOQk7MK20fynDN\nSL69QLEHW5i3Z+VAxF20pMLJJ1fIYEkymVUUeuzvIlY+ocbAI60dNECVG9Sh+AUe\ndcpT8kzaKVJ/6zQn8qmIxmlT1zSMqQjuFnvnxiZJsbBO/xQJJu27Yl9wUb6Wl8TU\n5vcNi6FxUWZ/VqEY4LmM/9jlyUVS8xE/Yzf88Im9lln/l4LBP9w1giE8Pxk2445p\nBiHiNL7HV/iA48bIDp73vR8mSeaKkMypAoIBAQCFG/UFvS0LcCy73HUia8me5oVx\ne1XtenwVj4SiprB72u1SA70zSmJC69fwBVcYlRchWnUR/1mNZ+yY9rqbKkp1eqwi\n3ZJea4ZIMG6eaqgWMJ6gtNpdoxQ1tMErmlpRnEcUMVMvptqLwwfsKkzdNiQKFiP1\nLXlfZWnvnFfba+prs/VDaS492qh/jplAw65u8IMn4PwHupUCVlg06y2k1PJ1RhRs\nN1iCatzdUJ1Qq9qQXsjG7pHLPurgCpHg56a2R97IySxT0QCWh6VsUcBjcukHlaaZ\nMZAvZ5JqJN1TsxWNK/oJfE03VRGtM+0+DwJxkYlRK95F8wBnD4o0NR6gilnk\n-----END RSA PRIVATE KEY-----\n",
            "private_key_pem_pkcs8": "-----BEGIN PRIVATE KEY-----\nMIIJQwIBADANBgkqhkiG9w0BAQEFAASCCS0wggkpAgEAAoICAQDLVqtvBJU/SScs\nDHaURB05yVMg4lidsPD8qRpzQlV+9dw+rTL/dn5YOBGBOOZ7Qpyiq2s7Xw0GSo2y\nJN0Vchlb1fAjhYkHrOpCnNCBDmVtRah/byzXKPH/OZo5EByIA+DZHWMlbyj0OZfL\n4yA0bJuLSS8479zfveA21JaNE+Of60H5964pov40WwV0TCB1iu1kiuEYP1pXjLaH\nwGjmvsdw1GtRRlMuL3+Zsy6+poBTe3/utgSeEwPbboZEqhOZgz0bSsKdDozj6vSZ\nzB7n3hMeh8Za13mM2Fex3dg52S4drpcP+Ah5bSNgUaxxBJULAQV/KwiAuYKFSCiA\ndv00Mw0zz8EmlYtSNTWXrzBSuJ3vDB1qZtBtH88lWqXCZBc+ZKbJJllWXZsTUQdq\nJww6zPrHZGx7qR0LSWQJ+DApo++Rs0ZadhnIhrKB45pKAJE7eZ+WknRbQV3a5L38\nfkMdRijD8H2MeMiDP7SlItrsI9U8S18EDXUs1j1Ayi78klW5yzTZFT3tVBeAEnKN\nIhs5LNxjSXTioR7ZNah1grZbo6Jnj/4kikzBlVbwCQFg4QYm0VHzoRiTDUF/Y9Jd\na/UU6s6T8WyMn0I82lWVLJYbxy+tPxyoTBVf76I/9vaGwKGAI1tKsjd/XAHE+Ycq\nZe9Ug1a+7SkDleEC3eiBHy11APCYFQIDAQABAoICACUzaA3ZksyPP6FpblBV3dry\noEjF4FyJQK2Y6oPnwOiHZpH48fmW3iqZp2oy1Mf8Odfw8J9eFm3uOdo7sE76HvWU\nQGjfR2CmG/2v3t2dmqTRN7CI0HVUwmFlUnfaIL4pp3tRSxBQM/fqiYD9vqiYriRf\ncUpDZ+9vN5QQdLK+zsg1LE7lJ3HqpgNCG89ZFh8rGZ9pYSEkhgy6a7KOWyLMCIT1\n9+RYr2MlwXyHMagjohqj35X2qwWYiP4eTGZHj2pofkd99/jv7orMM4/nrkfRc0IE\nqR95iH1iHzklUyfSOgOoK276e+JrOyumBZxvsCzhNPY9E0MprV1hBDfsjQp9xI5A\nK81KrLNYlQbVLtzane4g/eyqBUerUMInq75p+UxjuyfsYT05YqMrCy1Mbtf1Fh+G\n0SznG76Wn9PEog3hKf3bo5EamnFDV/v8P016egQmPqGUKlW3ZXpjAyUbzhPrugEB\n9r5cPjEulKbXN/D0AyvPS10VCzfZvRv3R5XRNi6tKE7+eg2NZm7uIgd7ynf3q5Ka\nI9tvXtpHrBGvvjY5aHzuk7AD4MEfXqe7OOdoG+C8uRCCnNDuPf4QbB4G8EYRl/Nl\nz4uNA/xJXXkkFydDzl0TzhplkXe4yjw7BYU1sjthBC65ZjTEGgLTAcvKM/D5XbSF\n5dJ1rgC1XDP13zBC0AHBAoIBAQD8lHhl0r++J5vXH0v9WLzWVqDBTgjhHuiJxy2p\nqaSZFTrauXGc+p8+Zu771/HalpYOJ5B34y6/otoE71LKq0ZGltsVnnmi596uWdUC\nZYHvffi+JB5z67KhI1HHvgQtJmQmscfBGOvRA7MyLWpg7KPYHT2gS3w+jIux096n\nU4ZVpzg+/B6CZBTsGFgSZwFDwui2nvF+AtnWnOpNg4VdFEq7cZfNA126ea/EPVDO\n0I7BW/Q+W6AAXhmJMkCinho0GRTN5gCDBvrxxWIcEr6aPzaYkEvjojAWWi8NuqIM\nGlrigVV4gEUsoW5pqJZXGOh8qBCByL/X363Xw3EZrE0mK16ZAoIBAQDOF4L2KJRm\n57wrpC1uTdlIxyL7Ffoo5rG5uhyHBVBpJkuPy5Yf0CPXj/KzYPFzkGBf8phCKj0q\nWVO5kPr90plzD3nzN18p96j3xpczuu9Lz+Nf0tLSPutRR2UWiC2vMdfpDzA4gb3Z\nEOjN/KFnm8coE29j+bdRrkeZJ87b70lLTLe1ZYyOkr6JBExsXm9K2tQrRd+lTWlY\n2Ic9kgViYbzbBsst6zXRuxDUO1wETb7Suun/ruj+IuO7PEPWJN478IheF8qSWxXl\nc34k9hNzctt3jPRZgc5ljy+sLNCGFGyf9WvGnQErxdJVhmGVe8hc+Ba/4F0eNBjI\n4+nYFmWv+h7dAoIBAQD5OR6bihn8bWTOHWmDsD2UWKICWxdT2oWk/U3HLUbmbhZG\nn9jFBl5+2l5RTcCs6Q1jJhLc2OPV38C0Qdk1dU7AdDX03Qw0fAozixwtYy+Uun3o\nUAdkZls5uHoHVy0Tx9/mdmEd3ZNCCB6XEkz3GkiJBEE8m38a0N8+NkpqXHYeqgNL\n0sXf7xTd6R9t+Qk8bWPmXmr25aVAqFBg77d2IoGi9vDML9gaGdwfDElh6FQT4sHb\njdkQw8j6oQU58Dr20RDAIYS7xPVz/klSXgSIentKiob3M5+zToVDTLZ8rryi5u8J\nGbgn05n404qUolU0OzkedpElVuZYEdbVeDgfw4dxAoIBABt9m2SGiTUo2DriDYVX\nMRK6LXpcth/alf52SvPfy5gbGZ02xPG9a+qHMxKmbc7ChXiG/bRluf76J2brZe+R\nthJZECVXT4RjmtBiVyz5VI5CTswrbR/KcM1Ivr1AsQdbmLdn5UDEXbSkwsknV8hg\nSTKZVRR67O8iVj6hxsAjrR00QJUb1KH4BR51ylPyTNopUn/rNCfyqYjGaVPXNIyp\nCO4We+fGJkmxsE7/FAkm7btiX3BRvpaXxNTm9w2LoXFRZn9WoRjguYz/2OXJRVLz\nET9jN/zwib2WWf+XgsE/3DWCITw/GTbjjmkGIeI0vsdX+IDjxsgOnve9HyZJ5oqQ\nzKkCggEBAIUb9QW9LQtwLLvcdSJryZ7mhXF7Ve16fBWPhKKmsHva7VIDvTNKYkLr\n1/AFVxiVFyFadRH/WY1n7Jj2upsqSnV6rCLdkl5rhkgwbp5qqBYwnqC02l2jFDW0\nwSuaWlGcRxQxUy+m2ovDB+wqTN02JAoWI/UteV9lae+cV9tr6muz9UNpLj3aqH+O\nmUDDrm7wgyfg/Ae6lQJWWDTrLaTU8nVGFGw3WIJq3N1QnVCr2pBeyMbukcs+6uAK\nkeDnprZH3sjJLFPRAJaHpWxRwGNy6QeVppkxkC9nkmok3VOzFY0r+gl8TTdVEa0z\n7T4PAnGRiVEr3kXzAGcPijQ1HqCKWeQ=\n-----END PRIVATE KEY-----\n",
            "public_key_fingerprint_md5": "0e:66:81:6c:06:d4:03:67:93:03:7f:1b:d6:ae:71:4b",
            "public_key_fingerprint_sha256": "SHA256:+BWvcak75767HXFjovVErfgK6Gw2P1qSz+zBh8BuSKs",
            "public_key_openssh": "ssh-rsa AAAAB3NzaC1yc2EAAAADAQABAAACAQDLVqtvBJU/SScsDHaURB05yVMg4lidsPD8qRpzQlV+9dw+rTL/dn5YOBGBOOZ7Qpyiq2s7Xw0GSo2yJN0Vchlb1fAjhYkHrOpCnNCBDmVtRah/byzXKPH/OZo5EByIA+DZHWMlbyj0OZfL4yA0bJuLSS8479zfveA21JaNE+Of60H5964pov40WwV0TCB1iu1kiuEYP1pXjLaHwGjmvsdw1GtRRlMuL3+Zsy6+poBTe3/utgSeEwPbboZEqhOZgz0bSsKdDozj6vSZzB7n3hMeh8Za13mM2Fex3dg52S4drpcP+Ah5bSNgUaxxBJULAQV/KwiAuYKFSCiAdv00Mw0zz8EmlYtSNTWXrzBSuJ3vDB1qZtBtH88lWqXCZBc+ZKbJJllWXZsTUQdqJww6zPrHZGx7qR0LSWQJ+DApo++Rs0ZadhnIhrKB45pKAJE7eZ+WknRbQV3a5L38fkMdRijD8H2MeMiDP7SlItrsI9U8S18EDXUs1j1Ayi78klW5yzTZFT3tVBeAEnKNIhs5LNxjSXTioR7ZNah1grZbo6Jnj/4kikzBlVbwCQFg4QYm0VHzoRiTDUF/Y9Jda/UU6s6T8WyMn0I82lWVLJYbxy+tPxyoTBVf76I/9vaGwKGAI1tKsjd/XAHE+YcqZe9Ug1a+7SkDleEC3eiBHy11APCYFQ==\n",
            "public_key_pem": "-----BEGIN PUBLIC KEY-----\nMIICIjANBgkqhkiG9w0BAQEFAAOCAg8AMIICCgKCAgEAy1arbwSVP0knLAx2lEQd\nOclTIOJYnbDw/Kkac0JVfvXcPq0y/3Z+WDgRgTjme0KcoqtrO18NBkqNsiTdFXIZ\nW9XwI4WJB6zqQpzQgQ5lbUWof28s1yjx/zmaORAciAPg2R1jJW8o9DmXy+MgNGyb\ni0kvOO/c373gNtSWjRPjn+tB+feuKaL+NFsFdEwgdYrtZIrhGD9aV4y2h8Bo5r7H\ncNRrUUZTLi9/mbMuvqaAU3t/7rYEnhMD226GRKoTmYM9G0rCnQ6M4+r0mcwe594T\nHofGWtd5jNhXsd3YOdkuHa6XD/gIeW0jYFGscQSVCwEFfysIgLmChUgogHb9NDMN\nM8/BJpWLUjU1l68wUrid7wwdambQbR/PJVqlwmQXPmSmySZZVl2bE1EHaicMOsz6\nx2Rse6kdC0lkCfgwKaPvkbNGWnYZyIaygeOaSgCRO3mflpJ0W0Fd2uS9/H5DHUYo\nw/B9jHjIgz+0pSLa7CPVPEtfBA11LNY9QMou/JJVucs02RU97VQXgBJyjSIbOSzc\nY0l04qEe2TWodYK2W6OiZ4/+JIpMwZVW8AkBYOEGJtFR86EYkw1Bf2PSXWv1FOrO\nk/FsjJ9CPNpVlSyWG8cvrT8cqEwVX++iP/b2hsChgCNbSrI3f1wBxPmHKmXvVINW\nvu0pA5XhAt3ogR8tdQDwmBUCAwEAAQ==\n-----END PUBLIC KEY-----\n",
            "rsa_bits": 4096
          },
          "sensitive_attributes": [],
          "dependencies": [
            "module.microservices.module.vpc.aws_vpc.main",
            "module.microservices.module.vpc.module.eip.aws_eip.eip",
            "module.microservices.module.vpc.module.igw.aws_internet_gateway.gw",
            "module.microservices.module.vpc.module.routetable.aws_route_table.route",
            "module.microservices.module.vpc.module.routetable.aws_route_table_association.association",
            "module.microservices.module.vpc.module.securitygroup.aws_security_group.sg",
            "module.microservices.module.vpc.module.subnet.aws_subnet.main"
          ]
        }
      ]
    },
    {
      "module": "module.microservices[\"api-server\"].module.vpc[0]",
      "mode": "managed",
      "type": "aws_vpc",
      "name": "main",
      "provider": "provider[\"registry.terraform.io/hashicorp/aws\"]",
      "instances": [
        {
          "schema_version": 1,
          "attributes": {
            "arn": "arn:aws:ec2:ap-south-1:574593008261:vpc/vpc-0b576d88550cc68ec",
            "assign_generated_ipv6_cidr_block": false,
            "cidr_block": "10.0.0.0/16",
            "default_network_acl_id": "acl-08990c674cc3cf356",
            "default_route_table_id": "rtb-0d74e92991d6e37cf",
            "default_security_group_id": "sg-034dfffe9f229a21e",
            "dhcp_options_id": "dopt-06cfbd56747dbce69",
            "enable_dns_hostnames": false,
            "enable_dns_support": true,
            "enable_network_address_usage_metrics": false,
            "id": "vpc-0b576d88550cc68ec",
            "instance_tenancy": "default",
            "ipv4_ipam_pool_id": null,
            "ipv4_netmask_length": null,
            "ipv6_association_id": "",
            "ipv6_cidr_block": "",
            "ipv6_cidr_block_network_border_group": "",
            "ipv6_ipam_pool_id": "",
            "ipv6_netmask_length": 0,
            "main_route_table_id": "rtb-0d74e92991d6e37cf",
            "owner_id": "574593008261",
            "tags": null,
            "tags_all": {}
          },
          "sensitive_attributes": [],
          "private": "eyJzY2hlbWFfdmVyc2lvbiI6IjEifQ=="
        }
      ]
    },
    {
      "module": "module.microservices[\"api-server\"].module.vpc[0].module.eip[0]",
      "mode": "managed",
      "type": "aws_eip",
      "name": "eip",
      "provider": "provider[\"registry.terraform.io/hashicorp/aws\"]",
      "instances": [
        {
          "index_key": "api-server-EIP",
          "schema_version": 0,
          "attributes": {
            "address": null,
            "allocation_id": "eipalloc-09551220d57375942",
            "associate_with_private_ip": null,
            "association_id": "",
            "carrier_ip": "",
            "customer_owned_ip": "",
            "customer_owned_ipv4_pool": "",
            "domain": "vpc",
            "id": "eipalloc-09551220d57375942",
            "instance": "",
            "network_border_group": "ap-south-1",
            "network_interface": "",
            "private_dns": null,
            "private_ip": "",
            "public_dns": "ec2-43-205-168-231.ap-south-1.compute.amazonaws.com",
            "public_ip": "43.205.168.231",
            "public_ipv4_pool": "amazon",
            "tags": {
              "Name": "api-server-EIP"
            },
            "tags_all": {
              "Name": "api-server-EIP"
            },
            "timeouts": null,
            "vpc": true
          },
          "sensitive_attributes": [],
          "private": "eyJlMmJmYjczMC1lY2FhLTExZTYtOGY4OC0zNDM2M2JjN2M0YzAiOnsiZGVsZXRlIjoxODAwMDAwMDAwMDAsInJlYWQiOjkwMDAwMDAwMDAwMCwidXBkYXRlIjozMDAwMDAwMDAwMDB9fQ=="
        }
      ]
    },
    {
      "module": "module.microservices[\"api-server\"].module.vpc[0].module.igw[0]",
      "mode": "managed",
      "type": "aws_internet_gateway",
      "name": "gw",
      "provider": "provider[\"registry.terraform.io/hashicorp/aws\"]",
      "instances": [
        {
          "index_key": "api-server-IGW",
          "schema_version": 0,
          "attributes": {
            "arn": "arn:aws:ec2:ap-south-1:574593008261:internet-gateway/igw-0952456de722de96e",
            "id": "igw-0952456de722de96e",
            "owner_id": "574593008261",
            "tags": {
              "Name": "api-server-igw"
            },
            "tags_all": {
              "Name": "api-server-igw"
            },
            "timeouts": null,
            "vpc_id": "vpc-0b576d88550cc68ec"
          },
          "sensitive_attributes": [],
          "private": "eyJlMmJmYjczMC1lY2FhLTExZTYtOGY4OC0zNDM2M2JjN2M0YzAiOnsiY3JlYXRlIjoxMjAwMDAwMDAwMDAwLCJkZWxldGUiOjEyMDAwMDAwMDAwMDAsInVwZGF0ZSI6MTIwMDAwMDAwMDAwMH19",
          "dependencies": [
            "module.microservices.module.vpc.aws_vpc.main"
          ]
        }
      ]
    },
    {
      "module": "module.microservices[\"api-server\"].module.vpc[0].module.routetable[0]",
      "mode": "managed",
      "type": "aws_route_table",
      "name": "route",
      "provider": "provider[\"registry.terraform.io/hashicorp/aws\"]",
      "instances": [
        {
          "index_key": "api-server-Public-RT",
          "schema_version": 0,
          "attributes": {
            "arn": "arn:aws:ec2:ap-south-1:574593008261:route-table/rtb-06bf76f2ed1d49476",
            "id": "rtb-06bf76f2ed1d49476",
            "owner_id": "574593008261",
            "propagating_vgws": [],
            "route": [
              {
                "carrier_gateway_id": "",
                "cidr_block": "0.0.0.0/0",
                "core_network_arn": "",
                "destination_prefix_list_id": "",
                "egress_only_gateway_id": "",
                "gateway_id": "igw-0952456de722de96e",
                "ipv6_cidr_block": "",
                "local_gateway_id": "",
                "nat_gateway_id": "",
                "network_interface_id": "",
                "transit_gateway_id": "",
                "vpc_endpoint_id": "",
                "vpc_peering_connection_id": ""
              }
            ],
            "tags": {
              "Name": "api-server-Public-RT"
            },
            "tags_all": {
              "Name": "api-server-Public-RT"
            },
            "timeouts": null,
            "vpc_id": "vpc-0b576d88550cc68ec"
          },
          "sensitive_attributes": [],
          "private": "eyJlMmJmYjczMC1lY2FhLTExZTYtOGY4OC0zNDM2M2JjN2M0YzAiOnsiY3JlYXRlIjozMDAwMDAwMDAwMDAsImRlbGV0ZSI6MzAwMDAwMDAwMDAwLCJ1cGRhdGUiOjEyMDAwMDAwMDAwMH19",
          "dependencies": [
            "module.microservices.module.vpc.aws_vpc.main",
            "module.microservices.module.vpc.module.igw.aws_internet_gateway.gw"
          ]
        }
      ]
    },
    {
      "module": "module.microservices[\"api-server\"].module.vpc[0].module.routetable[0]",
      "mode": "managed",
      "type": "aws_route_table_association",
      "name": "association",
      "provider": "provider[\"registry.terraform.io/hashicorp/aws\"]",
      "instances": [
        {
          "index_key": "api-server-Public-Sub",
          "schema_version": 0,
          "attributes": {
            "gateway_id": "",
            "id": "rtbassoc-0ee00b26f0c6481f9",
            "route_table_id": "rtb-06bf76f2ed1d49476",
            "subnet_id": "subnet-08df647214e1dcf4d",
            "timeouts": null
          },
          "sensitive_attributes": [],
          "private": "eyJlMmJmYjczMC1lY2FhLTExZTYtOGY4OC0zNDM2M2JjN2M0YzAiOnsiY3JlYXRlIjozMDAwMDAwMDAwMDAsImRlbGV0ZSI6MzAwMDAwMDAwMDAwLCJ1cGRhdGUiOjEyMDAwMDAwMDAwMH19",
          "dependencies": [
            "module.microservices.module.vpc.aws_vpc.main",
            "module.microservices.module.vpc.module.igw.aws_internet_gateway.gw",
            "module.microservices.module.vpc.module.routetable.aws_route_table.route",
            "module.microservices.module.vpc.module.subnet.aws_subnet.main"
          ]
        }
      ]
    },
    {
      "module": "module.microservices[\"api-server\"].module.vpc[0].module.securitygroup[\"api-server-SG\"]",
      "mode": "managed",
      "type": "aws_security_group",
      "name": "sg",
      "provider": "provider[\"registry.terraform.io/hashicorp/aws\"]",
      "instances": [
        {
          "schema_version": 1,
          "attributes": {
            "arn": "arn:aws:ec2:ap-south-1:574593008261:security-group/sg-090309b418801c2d7",
            "description": "Security Group for api-server",
            "egress": [
              {
                "cidr_blocks": [
                  "0.0.0.0/0"
                ],
                "description": "",
                "from_port": 0,
                "ipv6_cidr_blocks": [],
                "prefix_list_ids": [],
                "protocol": "-1",
                "security_groups": [],
                "self": false,
                "to_port": 0
              }
            ],
            "id": "sg-090309b418801c2d7",
            "ingress": [
              {
                "cidr_blocks": [
                  "0.0.0.0/0"
                ],
                "description": "",
                "from_port": 22,
                "ipv6_cidr_blocks": [],
                "prefix_list_ids": [],
                "protocol": "tcp",
                "security_groups": [],
                "self": false,
                "to_port": 22
              },
              {
                "cidr_blocks": [
                  "0.0.0.0/0"
                ],
                "description": "",
                "from_port": 80,
                "ipv6_cidr_blocks": [],
                "prefix_list_ids": [],
                "protocol": "tcp",
                "security_groups": [],
                "self": false,
                "to_port": 80
              }
            ],
            "name": "api-server-SG",
            "name_prefix": "",
            "owner_id": "574593008261",
            "revoke_rules_on_delete": false,
            "tags": {
              "Name": "api-server-SG"
            },
            "tags_all": {
              "Name": "api-server-SG"
            },
            "timeouts": null,
            "vpc_id": "vpc-0b576d88550cc68ec"
          },
          "sensitive_attributes": [],
          "private": "eyJlMmJmYjczMC1lY2FhLTExZTYtOGY4OC0zNDM2M2JjN2M0YzAiOnsiY3JlYXRlIjo2MDAwMDAwMDAwMDAsImRlbGV0ZSI6OTAwMDAwMDAwMDAwfSwic2NoZW1hX3ZlcnNpb24iOiIxIn0=",
          "dependencies": [
            "module.microservices.module.vpc.aws_vpc.main"
          ]
        }
      ]
    },
    {
      "module": "module.microservices[\"api-server\"].module.vpc[0].module.subnet[0]",
      "mode": "managed",
      "type": "aws_subnet",
      "name": "main",
      "provider": "provider[\"registry.terraform.io/hashicorp/aws\"]",
      "instances": [
        {
          "index_key": "api-server-Public-Sub",
          "schema_version": 1,
          "attributes": {
            "arn": "arn:aws:ec2:ap-south-1:574593008261:subnet/subnet-08df647214e1dcf4d",
            "assign_ipv6_address_on_creation": false,
            "availability_zone": "ap-south-1a",
            "availability_zone_id": "aps1-az1",
            "cidr_block": "10.0.0.0/20",
            "customer_owned_ipv4_pool": "",
            "enable_dns64": false,
            "enable_lni_at_device_index": 0,
            "enable_resource_name_dns_a_record_on_launch": false,
            "enable_resource_name_dns_aaaa_record_on_launch": false,
            "id": "subnet-08df647214e1dcf4d",
            "ipv6_cidr_block": "",
            "ipv6_cidr_block_association_id": "",
            "ipv6_native": false,
            "map_customer_owned_ip_on_launch": false,
            "map_public_ip_on_launch": false,
            "outpost_arn": "",
            "owner_id": "574593008261",
            "private_dns_hostname_type_on_launch": "ip-name",
            "tags": {
              "Name": "api-server-Public-Sub"
            },
            "tags_all": {
              "Name": "api-server-Public-Sub"
            },
            "timeouts": null,
            "vpc_id": "vpc-0b576d88550cc68ec"
          },
          "sensitive_attributes": [],
          "private": "eyJlMmJmYjczMC1lY2FhLTExZTYtOGY4OC0zNDM2M2JjN2M0YzAiOnsiY3JlYXRlIjo2MDAwMDAwMDAwMDAsImRlbGV0ZSI6MTIwMDAwMDAwMDAwMH0sInNjaGVtYV92ZXJzaW9uIjoiMSJ9",
          "dependencies": [
            "module.microservices.module.vpc.aws_vpc.main"
          ]
        }
      ]
    }
  ],
  "check_results": null
}
